
Microsoft Visual Studio Solution File, Format Version 12.00
# Visual Studio 15
Project("{FAE04EC0-301F-11D3-BF4B-00C04F79EFBC}") = "Assembly-CSharp", "Assembly-CSharp.csproj", "{E1456745-ED92-4EB6-8905-E64DC1E47277}"
EndProject
Project("{FAE04EC0-301F-11D3-BF4B-00C04F79EFBC}") = "NavMeshComponents", "NavMeshComponents.csproj", "{AA290C02-6B63-7C41-F5AD-EC6A93F9BF75}"
EndProject
Project("{FAE04EC0-301F-11D3-BF4B-00C04F79EFBC}") = "NavMeshComponentsEditor", "NavMeshComponentsEditor.csproj", "{4577450F-07A9-18E0-4474-E8264D697B2B}"
EndProject
Global
	GlobalSection(SolutionConfigurationPlatforms) = preSolution
		Debug|Any CPU = Debug|Any CPU
		Release|Any CPU = Release|Any CPU
	EndGlobalSection
	GlobalSection(ProjectConfigurationPlatforms) = postSolution
		{E1456745-ED92-4EB6-8905-E64DC1E47277}.Debug|Any CPU.ActiveCfg = Debug|Any CPU
		{E1456745-ED92-4EB6-8905-E64DC1E47277}.Debug|Any CPU.Build.0 = Debug|Any CPU
		{E1456745-ED92-4EB6-8905-E64DC1E47277}.Release|Any CPU.ActiveCfg = Release|Any CPU
		{E1456745-ED92-4EB6-8905-E64DC1E47277}.Release|Any CPU.Build.0 = Release|Any CPU
		{AA290C02-6B63-7C41-F5AD-EC6A93F9BF75}.Debug|Any CPU.ActiveCfg = Debug|Any CPU
		{AA290C02-6B63-7C41-F5AD-EC6A93F9BF75}.Debug|Any CPU.Build.0 = Debug|Any CPU
		{AA290C02-6B63-7C41-F5AD-EC6A93F9BF75}.Release|Any CPU.ActiveCfg = Release|Any CPU
		{AA290C02-6B63-7C41-F5AD-EC6A93F9BF75}.Release|Any CPU.Build.0 = Release|Any CPU
		{4577450F-07A9-18E0-4474-E8264D697B2B}.Debug|Any CPU.ActiveCfg = Debug|Any CPU
		{4577450F-07A9-18E0-4474-E8264D697B2B}.Debug|Any CPU.Build.0 = Debug|Any CPU
		{4577450F-07A9-18E0-4474-E8264D697B2B}.Release|Any CPU.ActiveCfg = Release|Any CPU
		{4577450F-07A9-18E0-4474-E8264D697B2B}.Release|Any CPU.Build.0 = Release|Any CPU
	EndGlobalSection
	GlobalSection(SolutionProperties) = preSolution
		HideSolutionNode = FALSE
	EndGlobalSection
EndGlobal
